
Microsoft Visual Studio Solution File, Format Version 12.00
# Visual Studio 2013
VisualStudioVersion = 12.0.31101.0
MinimumVisualStudioVersion = 10.0.40219.1
Project("{8BC9CEB8-8B4A-11D0-8D11-00A0C91BC942}") = "EVhdParser", "EVhdParser\EVhdParser.vcxproj", "{DC5E1554-8CCB-4E55-9F20-7CECE509BF55}"
EndProject
Project("{8BC9CEB8-8B4A-11D0-8D11-00A0C91BC942}") = "EVhdConfig", "EVhdConfig\EVhdConfig.vcxproj", "{0F77F6BE-C1BD-4558-94C2-93403280079E}"
EndProject
Project("{2150E333-8FDC-42A3-9474-1A3956D46DE8}") = "dcrypt", "dcrypt", "{AC2ABA80-AF3B-4EA9-A3F5-6A27532763FF}"
EndProject
Project("{8BC9CEB8-8B4A-11D0-8D11-00A0C91BC942}") = "crypto_fast", "..\dcrypt\crypto\crypto_fast\crypto_fast.vcxproj", "{847784B5-6850-4A7D-91DE-D6A98BF726EA}"
EndProject
Global
	GlobalSection(SolutionConfigurationPlatforms) = preSolution
		Win10 Debug|x64 = Win10 Debug|x64
		Win10 Release|x64 = Win10 Release|x64
		Win8 Debug|x64 = Win8 Debug|x64
		Win8 Release|x64 = Win8 Release|x64
		Win8.1 Debug|x64 = Win8.1 Debug|x64
		Win8.1 Release|x64 = Win8.1 Release|x64
	EndGlobalSection
	GlobalSection(ProjectConfigurationPlatforms) = postSolution
		{DC5E1554-8CCB-4E55-9F20-7CECE509BF55}.Win10 Debug|x64.ActiveCfg = Win10 Debug|x64
		{DC5E1554-8CCB-4E55-9F20-7CECE509BF55}.Win10 Debug|x64.Build.0 = Win10 Debug|x64
		{DC5E1554-8CCB-4E55-9F20-7CECE509BF55}.Win10 Release|x64.ActiveCfg = Win10 Release|x64
		{DC5E1554-8CCB-4E55-9F20-7CECE509BF55}.Win10 Release|x64.Build.0 = Win10 Release|x64
		{DC5E1554-8CCB-4E55-9F20-7CECE509BF55}.Win8 Debug|x64.ActiveCfg = Win8 Debug|x64
		{DC5E1554-8CCB-4E55-9F20-7CECE509BF55}.Win8 Debug|x64.Build.0 = Win8 Debug|x64
		{DC5E1554-8CCB-4E55-9F20-7CECE509BF55}.Win8 Release|x64.ActiveCfg = Win8 Release|x64
		{DC5E1554-8CCB-4E55-9F20-7CECE509BF55}.Win8 Release|x64.Build.0 = Win8 Release|x64
		{DC5E1554-8CCB-4E55-9F20-7CECE509BF55}.Win8.1 Debug|x64.ActiveCfg = Win8.1 Debug|x64
		{DC5E1554-8CCB-4E55-9F20-7CECE509BF55}.Win8.1 Debug|x64.Build.0 = Win8.1 Debug|x64
		{DC5E1554-8CCB-4E55-9F20-7CECE509BF55}.Win8.1 Release|x64.ActiveCfg = Win8.1 Release|x64
		{DC5E1554-8CCB-4E55-9F20-7CECE509BF55}.Win8.1 Release|x64.Build.0 = Win8.1 Release|x64
		{0F77F6BE-C1BD-4558-94C2-93403280079E}.Win10 Debug|x64.ActiveCfg = Debug|x64
		{0F77F6BE-C1BD-4558-94C2-93403280079E}.Win10 Debug|x64.Build.0 = Debug|x64
		{0F77F6BE-C1BD-4558-94C2-93403280079E}.Win10 Release|x64.ActiveCfg = Release|x64
		{0F77F6BE-C1BD-4558-94C2-93403280079E}.Win10 Release|x64.Build.0 = Release|x64
		{0F77F6BE-C1BD-4558-94C2-93403280079E}.Win8 Debug|x64.ActiveCfg = Debug|x64
		{0F77F6BE-C1BD-4558-94C2-93403280079E}.Win8 Debug|x64.Build.0 = Debug|x64
		{0F77F6BE-C1BD-4558-94C2-93403280079E}.Win8 Release|x64.ActiveCfg = Release|x64
		{0F77F6BE-C1BD-4558-94C2-93403280079E}.Win8 Release|x64.Build.0 = Release|x64
		{0F77F6BE-C1BD-4558-94C2-93403280079E}.Win8.1 Debug|x64.ActiveCfg = Debug|x64
		{0F77F6BE-C1BD-4558-94C2-93403280079E}.Win8.1 Debug|x64.Build.0 = Debug|x64
		{0F77F6BE-C1BD-4558-94C2-93403280079E}.Win8.1 Release|x64.ActiveCfg = Release|x64
		{0F77F6BE-C1BD-4558-94C2-93403280079E}.Win8.1 Release|x64.Build.0 = Release|x64
		{847784B5-6850-4A7D-91DE-D6A98BF726EA}.Win10 Debug|x64.ActiveCfg = Debug|x64
		{847784B5-6850-4A7D-91DE-D6A98BF726EA}.Win10 Debug|x64.Build.0 = Debug|x64
		{847784B5-6850-4A7D-91DE-D6A98BF726EA}.Win10 Release|x64.ActiveCfg = Release|x64
		{847784B5-6850-4A7D-91DE-D6A98BF726EA}.Win10 Release|x64.Build.0 = Release|x64
		{847784B5-6850-4A7D-91DE-D6A98BF726EA}.Win8 Debug|x64.ActiveCfg = Debug|x64
		{847784B5-6850-4A7D-91DE-D6A98BF726EA}.Win8 Debug|x64.Build.0 = Debug|x64
		{847784B5-6850-4A7D-91DE-D6A98BF726EA}.Win8 Release|x64.ActiveCfg = Release|x64
		{847784B5-6850-4A7D-91DE-D6A98BF726EA}.Win8 Release|x64.Build.0 = Release|x64
		{847784B5-6850-4A7D-91DE-D6A98BF726EA}.Win8.1 Debug|x64.ActiveCfg = Debug|x64
		{847784B5-6850-4A7D-91DE-D6A98BF726EA}.Win8.1 Debug|x64.Build.0 = Debug|x64
		{847784B5-6850-4A7D-91DE-D6A98BF726EA}.Win8.1 Release|x64.ActiveCfg = Release|x64
		{847784B5-6850-4A7D-91DE-D6A98BF726EA}.Win8.1 Release|x64.Build.0 = Release|x64
	EndGlobalSection
	GlobalSection(SolutionProperties) = preSolution
		HideSolutionNode = FALSE
	EndGlobalSection
	GlobalSection(NestedProjects) = preSolution
		{847784B5-6850-4A7D-91DE-D6A98BF726EA} = {AC2ABA80-AF3B-4EA9-A3F5-6A27532763FF}
	EndGlobalSection
EndGlobal
